
Microsoft Visual Studio Solution File, Format Version 12.00
# Visual Studio Version 17
VisualStudioVersion = 17.4.33213.308
MinimumVisualStudioVersion = 10.0.40219.1
Project("{FAE04EC0-301F-11D3-BF4B-00C04F79EFBC}") = "ChallengeApp", "ChallengeApp\ChallengeApp.csproj", "{4636A869-5C2C-40CB-A12C-856707A2FBD2}"
EndProject
Global
	GlobalSection(SolutionConfigurationPlatforms) = preSolution
		Debug|Any CPU = Debug|Any CPU
		Release|Any CPU = Release|Any CPU
	EndGlobalSection
	GlobalSection(ProjectConfigurationPlatforms) = postSolution
		{4636A869-5C2C-40CB-A12C-856707A2FBD2}.Debug|Any CPU.ActiveCfg = Debug|Any CPU
		{4636A869-5C2C-40CB-A12C-856707A2FBD2}.Debug|Any CPU.Build.0 = Debug|Any CPU
		{4636A869-5C2C-40CB-A12C-856707A2FBD2}.Release|Any CPU.ActiveCfg = Release|Any CPU
		{4636A869-5C2C-40CB-A12C-856707A2FBD2}.Release|Any CPU.Build.0 = Release|Any CPU
	EndGlobalSection
	GlobalSection(SolutionProperties) = preSolution
		HideSolutionNode = FALSE
	EndGlobalSection
	GlobalSection(ExtensibilityGlobals) = postSolution
		SolutionGuid = {B32195BE-8AED-4E88-98F9-BADC17188C71}
	EndGlobalSection
EndGlobal
